
Microsoft Visual Studio Solution File, Format Version 12.00
# Visual Studio Version 17
VisualStudioVersion = 17.2.32630.192
MinimumVisualStudioVersion = 10.0.40219.1
Project("{FAE04EC0-301F-11D3-BF4B-00C04F79EFBC}") = "4by4", "4by4\4by4.csproj", "{B11747AC-87C7-4423-9D2E-CA42BC0B2ED2}"
EndProject
Global
	GlobalSection(SolutionConfigurationPlatforms) = preSolution
		Debug|Any CPU = Debug|Any CPU
		Release|Any CPU = Release|Any CPU
	EndGlobalSection
	GlobalSection(ProjectConfigurationPlatforms) = postSolution
		{B11747AC-87C7-4423-9D2E-CA42BC0B2ED2}.Debug|Any CPU.ActiveCfg = Debug|Any CPU
		{B11747AC-87C7-4423-9D2E-CA42BC0B2ED2}.Debug|Any CPU.Build.0 = Debug|Any CPU
		{B11747AC-87C7-4423-9D2E-CA42BC0B2ED2}.Release|Any CPU.ActiveCfg = Release|Any CPU
		{B11747AC-87C7-4423-9D2E-CA42BC0B2ED2}.Release|Any CPU.Build.0 = Release|Any CPU
	EndGlobalSection
	GlobalSection(SolutionProperties) = preSolution
		HideSolutionNode = FALSE
	EndGlobalSection
	GlobalSection(ExtensibilityGlobals) = postSolution
		SolutionGuid = {8931B83E-38B3-4FED-A53D-1284B37CC81D}
	EndGlobalSection
EndGlobal
